
Microsoft Visual Studio Solution File, Format Version 12.00
# Visual Studio Version 16
VisualStudioVersion = 16.0.28729.10
MinimumVisualStudioVersion = 15.0.26124.0
Project("{9A19103F-16F7-4668-BE54-9A1E7A4F7556}") = "Host", "src\Host\Host.csproj", "{EBB890A8-280C-400B-B3EE-0F3FE12D77D8}"
EndProject
Project("{2150E333-8FDC-42A3-9474-1A3956D46DE8}") = "Solution Items", "Solution Items", "{67C50D29-9C72-41B8-8B51-F078FAD9463D}"
	ProjectSection(SolutionItems) = preProject
		Directory.Build.props = Directory.Build.props
		global.json = global.json
		README.md = README.md
	EndProjectSection
EndProject
Project("{2150E333-8FDC-42A3-9474-1A3956D46DE8}") = "Channels", "Channels", "{1057C309-99C8-4808-B001-5F87B99CA9C8}"
EndProject
Project("{2150E333-8FDC-42A3-9474-1A3956D46DE8}") = "Messages", "Messages", "{D9F182BF-8904-4981-911C-CB0F496306AF}"
EndProject
Project("{9A19103F-16F7-4668-BE54-9A1E7A4F7556}") = "Channels.Host", "src\Channels.Host\Channels.Host.csproj", "{3B447312-ACD3-413C-BDAA-E72F9E3A71B5}"
EndProject
Project("{9A19103F-16F7-4668-BE54-9A1E7A4F7556}") = "Messages.Host", "src\Messages.Host\Messages.Host.csproj", "{EC2F24AA-DDDE-4C38-92D1-86D67BD0EDDE}"
EndProject
Project("{9A19103F-16F7-4668-BE54-9A1E7A4F7556}") = "Host.WebSockets", "src\Host.WebSockets\Host.WebSockets.csproj", "{D3FFBC3E-24FD-4E8F-A6E2-A943350E8C28}"
EndProject
Global
	GlobalSection(SolutionConfigurationPlatforms) = preSolution
		Debug|Any CPU = Debug|Any CPU
		Debug|x64 = Debug|x64
		Debug|x86 = Debug|x86
		Release|Any CPU = Release|Any CPU
		Release|x64 = Release|x64
		Release|x86 = Release|x86
	EndGlobalSection
	GlobalSection(ProjectConfigurationPlatforms) = postSolution
		{EBB890A8-280C-400B-B3EE-0F3FE12D77D8}.Debug|Any CPU.ActiveCfg = Debug|Any CPU
		{EBB890A8-280C-400B-B3EE-0F3FE12D77D8}.Debug|Any CPU.Build.0 = Debug|Any CPU
		{EBB890A8-280C-400B-B3EE-0F3FE12D77D8}.Debug|x64.ActiveCfg = Debug|Any CPU
		{EBB890A8-280C-400B-B3EE-0F3FE12D77D8}.Debug|x64.Build.0 = Debug|Any CPU
		{EBB890A8-280C-400B-B3EE-0F3FE12D77D8}.Debug|x86.ActiveCfg = Debug|Any CPU
		{EBB890A8-280C-400B-B3EE-0F3FE12D77D8}.Debug|x86.Build.0 = Debug|Any CPU
		{EBB890A8-280C-400B-B3EE-0F3FE12D77D8}.Release|Any CPU.ActiveCfg = Release|Any CPU
		{EBB890A8-280C-400B-B3EE-0F3FE12D77D8}.Release|Any CPU.Build.0 = Release|Any CPU
		{EBB890A8-280C-400B-B3EE-0F3FE12D77D8}.Release|x64.ActiveCfg = Release|Any CPU
		{EBB890A8-280C-400B-B3EE-0F3FE12D77D8}.Release|x64.Build.0 = Release|Any CPU
		{EBB890A8-280C-400B-B3EE-0F3FE12D77D8}.Release|x86.ActiveCfg = Release|Any CPU
		{EBB890A8-280C-400B-B3EE-0F3FE12D77D8}.Release|x86.Build.0 = Release|Any CPU
		{3B447312-ACD3-413C-BDAA-E72F9E3A71B5}.Debug|Any CPU.ActiveCfg = Debug|Any CPU
		{3B447312-ACD3-413C-BDAA-E72F9E3A71B5}.Debug|Any CPU.Build.0 = Debug|Any CPU
		{3B447312-ACD3-413C-BDAA-E72F9E3A71B5}.Debug|x64.ActiveCfg = Debug|Any CPU
		{3B447312-ACD3-413C-BDAA-E72F9E3A71B5}.Debug|x64.Build.0 = Debug|Any CPU
		{3B447312-ACD3-413C-BDAA-E72F9E3A71B5}.Debug|x86.ActiveCfg = Debug|Any CPU
		{3B447312-ACD3-413C-BDAA-E72F9E3A71B5}.Debug|x86.Build.0 = Debug|Any CPU
		{3B447312-ACD3-413C-BDAA-E72F9E3A71B5}.Release|Any CPU.ActiveCfg = Release|Any CPU
		{3B447312-ACD3-413C-BDAA-E72F9E3A71B5}.Release|Any CPU.Build.0 = Release|Any CPU
		{3B447312-ACD3-413C-BDAA-E72F9E3A71B5}.Release|x64.ActiveCfg = Release|Any CPU
		{3B447312-ACD3-413C-BDAA-E72F9E3A71B5}.Release|x64.Build.0 = Release|Any CPU
		{3B447312-ACD3-413C-BDAA-E72F9E3A71B5}.Release|x86.ActiveCfg = Release|Any CPU
		{3B447312-ACD3-413C-BDAA-E72F9E3A71B5}.Release|x86.Build.0 = Release|Any CPU
		{EC2F24AA-DDDE-4C38-92D1-86D67BD0EDDE}.Debug|Any CPU.ActiveCfg = Debug|Any CPU
		{EC2F24AA-DDDE-4C38-92D1-86D67BD0EDDE}.Debug|Any CPU.Build.0 = Debug|Any CPU
		{EC2F24AA-DDDE-4C38-92D1-86D67BD0EDDE}.Debug|x64.ActiveCfg = Debug|Any CPU
		{EC2F24AA-DDDE-4C38-92D1-86D67BD0EDDE}.Debug|x64.Build.0 = Debug|Any CPU
		{EC2F24AA-DDDE-4C38-92D1-86D67BD0EDDE}.Debug|x86.ActiveCfg = Debug|Any CPU
		{EC2F24AA-DDDE-4C38-92D1-86D67BD0EDDE}.Debug|x86.Build.0 = Debug|Any CPU
		{EC2F24AA-DDDE-4C38-92D1-86D67BD0EDDE}.Release|Any CPU.ActiveCfg = Release|Any CPU
		{EC2F24AA-DDDE-4C38-92D1-86D67BD0EDDE}.Release|Any CPU.Build.0 = Release|Any CPU
		{EC2F24AA-DDDE-4C38-92D1-86D67BD0EDDE}.Release|x64.ActiveCfg = Release|Any CPU
		{EC2F24AA-DDDE-4C38-92D1-86D67BD0EDDE}.Release|x64.Build.0 = Release|Any CPU
		{EC2F24AA-DDDE-4C38-92D1-86D67BD0EDDE}.Release|x86.ActiveCfg = Release|Any CPU
		{EC2F24AA-DDDE-4C38-92D1-86D67BD0EDDE}.Release|x86.Build.0 = Release|Any CPU
		{D3FFBC3E-24FD-4E8F-A6E2-A943350E8C28}.Debug|Any CPU.ActiveCfg = Debug|Any CPU
		{D3FFBC3E-24FD-4E8F-A6E2-A943350E8C28}.Debug|Any CPU.Build.0 = Debug|Any CPU
		{D3FFBC3E-24FD-4E8F-A6E2-A943350E8C28}.Debug|x64.ActiveCfg = Debug|Any CPU
		{D3FFBC3E-24FD-4E8F-A6E2-A943350E8C28}.Debug|x64.Build.0 = Debug|Any CPU
		{D3FFBC3E-24FD-4E8F-A6E2-A943350E8C28}.Debug|x86.ActiveCfg = Debug|Any CPU
		{D3FFBC3E-24FD-4E8F-A6E2-A943350E8C28}.Debug|x86.Build.0 = Debug|Any CPU
		{D3FFBC3E-24FD-4E8F-A6E2-A943350E8C28}.Release|Any CPU.ActiveCfg = Release|Any CPU
		{D3FFBC3E-24FD-4E8F-A6E2-A943350E8C28}.Release|Any CPU.Build.0 = Release|Any CPU
		{D3FFBC3E-24FD-4E8F-A6E2-A943350E8C28}.Release|x64.ActiveCfg = Release|Any CPU
		{D3FFBC3E-24FD-4E8F-A6E2-A943350E8C28}.Release|x64.Build.0 = Release|Any CPU
		{D3FFBC3E-24FD-4E8F-A6E2-A943350E8C28}.Release|x86.ActiveCfg = Release|Any CPU
		{D3FFBC3E-24FD-4E8F-A6E2-A943350E8C28}.Release|x86.Build.0 = Release|Any CPU
	EndGlobalSection
	GlobalSection(SolutionProperties) = preSolution
		HideSolutionNode = FALSE
	EndGlobalSection
	GlobalSection(NestedProjects) = preSolution
		{3B447312-ACD3-413C-BDAA-E72F9E3A71B5} = {1057C309-99C8-4808-B001-5F87B99CA9C8}
		{EC2F24AA-DDDE-4C38-92D1-86D67BD0EDDE} = {D9F182BF-8904-4981-911C-CB0F496306AF}
	EndGlobalSection
	GlobalSection(ExtensibilityGlobals) = postSolution
		SolutionGuid = {F52C8A4F-4582-4EC3-AF35-F0F5EC273573}
	EndGlobalSection
EndGlobal
