
Microsoft Visual Studio Solution File, Format Version 12.00
# Visual Studio Version 17
VisualStudioVersion = 17.0.31903.59
MinimumVisualStudioVersion = 10.0.40219.1
Project("{9A19103F-16F7-4668-BE54-9A1E7A4F7556}") = "Tanka.Chat.Shared", "Shared\Tanka.Chat.Shared.csproj", "{76DAAE1E-A1B2-450B-A9E5-565352689330}"
EndProject
Project("{9A19103F-16F7-4668-BE54-9A1E7A4F7556}") = "Tanka.Chat.Server", "Server\Tanka.Chat.Server.csproj", "{E2939857-B56B-40D0-87B5-BA874A187B24}"
EndProject
Project("{9A19103F-16F7-4668-BE54-9A1E7A4F7556}") = "Tanka.Chat.Client", "Client\Tanka.Chat.Client.csproj", "{A93536AD-DD43-419C-8BB5-BBF337B33844}"
EndProject
Global
	GlobalSection(SolutionConfigurationPlatforms) = preSolution
		Debug|Any CPU = Debug|Any CPU
		Release|Any CPU = Release|Any CPU
	EndGlobalSection
	GlobalSection(ProjectConfigurationPlatforms) = postSolution
		{76DAAE1E-A1B2-450B-A9E5-565352689330}.Debug|Any CPU.ActiveCfg = Debug|Any CPU
		{76DAAE1E-A1B2-450B-A9E5-565352689330}.Debug|Any CPU.Build.0 = Debug|Any CPU
		{76DAAE1E-A1B2-450B-A9E5-565352689330}.Release|Any CPU.ActiveCfg = Release|Any CPU
		{76DAAE1E-A1B2-450B-A9E5-565352689330}.Release|Any CPU.Build.0 = Release|Any CPU
		{E2939857-B56B-40D0-87B5-BA874A187B24}.Debug|Any CPU.ActiveCfg = Debug|Any CPU
		{E2939857-B56B-40D0-87B5-BA874A187B24}.Debug|Any CPU.Build.0 = Debug|Any CPU
		{E2939857-B56B-40D0-87B5-BA874A187B24}.Release|Any CPU.ActiveCfg = Release|Any CPU
		{E2939857-B56B-40D0-87B5-BA874A187B24}.Release|Any CPU.Build.0 = Release|Any CPU
		{A93536AD-DD43-419C-8BB5-BBF337B33844}.Debug|Any CPU.ActiveCfg = Debug|Any CPU
		{A93536AD-DD43-419C-8BB5-BBF337B33844}.Debug|Any CPU.Build.0 = Debug|Any CPU
		{A93536AD-DD43-419C-8BB5-BBF337B33844}.Release|Any CPU.ActiveCfg = Release|Any CPU
		{A93536AD-DD43-419C-8BB5-BBF337B33844}.Release|Any CPU.Build.0 = Release|Any CPU
	EndGlobalSection
	GlobalSection(SolutionProperties) = preSolution
		HideSolutionNode = FALSE
	EndGlobalSection
	GlobalSection(ExtensibilityGlobals) = postSolution
		SolutionGuid = {6DBF8473-06FC-43AF-A14F-41F17AB93C7E}
	EndGlobalSection
EndGlobal
